
Microsoft Visual Studio Solution File, Format Version 12.00
# Visual Studio Version 17
VisualStudioVersion = 17.0.32014.148
MinimumVisualStudioVersion = 10.0.40219.1
Project("{9A19103F-16F7-4668-BE54-9A1E7A4F7556}") = "UsedBookStore.API", "UsedBookStore.API\UsedBookStore.API.csproj", "{B61CF968-4985-40D0-8A7D-C931AFF45739}"
EndProject
Project("{9A19103F-16F7-4668-BE54-9A1E7A4F7556}") = "UsedBookStore.Web", "UsedBookStore.Web\UsedBookStore.Web.csproj", "{9258E2D6-3426-4F47-A79A-5E3C8C4D2BAE}"
EndProject
Global
	GlobalSection(SolutionConfigurationPlatforms) = preSolution
		Debug|Any CPU = Debug|Any CPU
		Release|Any CPU = Release|Any CPU
	EndGlobalSection
	GlobalSection(ProjectConfigurationPlatforms) = postSolution
		{B61CF968-4985-40D0-8A7D-C931AFF45739}.Debug|Any CPU.ActiveCfg = Debug|Any CPU
		{B61CF968-4985-40D0-8A7D-C931AFF45739}.Debug|Any CPU.Build.0 = Debug|Any CPU
		{B61CF968-4985-40D0-8A7D-C931AFF45739}.Release|Any CPU.ActiveCfg = Release|Any CPU
		{B61CF968-4985-40D0-8A7D-C931AFF45739}.Release|Any CPU.Build.0 = Release|Any CPU
		{9258E2D6-3426-4F47-A79A-5E3C8C4D2BAE}.Debug|Any CPU.ActiveCfg = Debug|Any CPU
		{9258E2D6-3426-4F47-A79A-5E3C8C4D2BAE}.Debug|Any CPU.Build.0 = Debug|Any CPU
		{9258E2D6-3426-4F47-A79A-5E3C8C4D2BAE}.Release|Any CPU.ActiveCfg = Release|Any CPU
		{9258E2D6-3426-4F47-A79A-5E3C8C4D2BAE}.Release|Any CPU.Build.0 = Release|Any CPU
	EndGlobalSection
	GlobalSection(SolutionProperties) = preSolution
		HideSolutionNode = FALSE
	EndGlobalSection
	GlobalSection(ExtensibilityGlobals) = postSolution
		SolutionGuid = {8C84C1A1-E825-4CCF-8701-854F359227BD}
	EndGlobalSection
EndGlobal
